
Microsoft Visual Studio Solution File, Format Version 12.00
# Visual Studio Version 17
VisualStudioVersion = 17.4.33205.214
MinimumVisualStudioVersion = 10.0.40219.1
Project("{FAE04EC0-301F-11D3-BF4B-00C04F79EFBC}") = "pokedexLucasTimoCH7", "pokedexLucasTimoCH7\pokedexLucasTimoCH7.csproj", "{CAF640C0-E508-4C7E-83EE-248D87F998C7}"
EndProject
Global
	GlobalSection(SolutionConfigurationPlatforms) = preSolution
		Debug|Any CPU = Debug|Any CPU
		Release|Any CPU = Release|Any CPU
	EndGlobalSection
	GlobalSection(ProjectConfigurationPlatforms) = postSolution
		{CAF640C0-E508-4C7E-83EE-248D87F998C7}.Debug|Any CPU.ActiveCfg = Debug|Any CPU
		{CAF640C0-E508-4C7E-83EE-248D87F998C7}.Debug|Any CPU.Build.0 = Debug|Any CPU
		{CAF640C0-E508-4C7E-83EE-248D87F998C7}.Release|Any CPU.ActiveCfg = Release|Any CPU
		{CAF640C0-E508-4C7E-83EE-248D87F998C7}.Release|Any CPU.Build.0 = Release|Any CPU
	EndGlobalSection
	GlobalSection(SolutionProperties) = preSolution
		HideSolutionNode = FALSE
	EndGlobalSection
	GlobalSection(ExtensibilityGlobals) = postSolution
		SolutionGuid = {6990E27B-92C8-4E07-BED7-804732AF26AB}
	EndGlobalSection
EndGlobal
